
Microsoft Visual Studio Solution File, Format Version 12.00
# Visual Studio Version 17
VisualStudioVersion = 17.0.31903.59
MinimumVisualStudioVersion = 10.0.40219.1
Project("{2150E333-8FDC-42A3-9474-1A3956D46DE8}") = "server", "server", "{6038BD53-830D-4899-8481-FA1BE56B1E91}"
EndProject
Project("{2150E333-8FDC-42A3-9474-1A3956D46DE8}") = "src", "src", "{362BC7A1-3227-44E1-BE55-E948E399F2F3}"
EndProject
Project("{FAE04EC0-301F-11D3-BF4B-00C04F79EFBC}") = "Server.Host", "server\src\Server.Host\Server.Host.csproj", "{FC34B6BD-6CE3-4B20-B58B-634DB79B09C3}"
EndProject
Project("{2150E333-8FDC-42A3-9474-1A3956D46DE8}") = "tests", "tests", "{4B816C16-830A-47D4-8E36-9CECE8AEB299}"
EndProject
Project("{FAE04EC0-301F-11D3-BF4B-00C04F79EFBC}") = "Server.Host.Tests", "server\tests\Server.Host.Tests\Server.Host.Tests.csproj", "{9ED0EFD7-CE2D-4C73-8F45-E7FFFB8A2E58}"
EndProject
Global
	GlobalSection(SolutionConfigurationPlatforms) = preSolution
		Debug|Any CPU = Debug|Any CPU
		Release|Any CPU = Release|Any CPU
	EndGlobalSection
	GlobalSection(SolutionProperties) = preSolution
		HideSolutionNode = FALSE
	EndGlobalSection
	GlobalSection(ProjectConfigurationPlatforms) = postSolution
		{FC34B6BD-6CE3-4B20-B58B-634DB79B09C3}.Debug|Any CPU.ActiveCfg = Debug|Any CPU
		{FC34B6BD-6CE3-4B20-B58B-634DB79B09C3}.Debug|Any CPU.Build.0 = Debug|Any CPU
		{FC34B6BD-6CE3-4B20-B58B-634DB79B09C3}.Release|Any CPU.ActiveCfg = Release|Any CPU
		{FC34B6BD-6CE3-4B20-B58B-634DB79B09C3}.Release|Any CPU.Build.0 = Release|Any CPU
		{9ED0EFD7-CE2D-4C73-8F45-E7FFFB8A2E58}.Debug|Any CPU.ActiveCfg = Debug|Any CPU
		{9ED0EFD7-CE2D-4C73-8F45-E7FFFB8A2E58}.Debug|Any CPU.Build.0 = Debug|Any CPU
		{9ED0EFD7-CE2D-4C73-8F45-E7FFFB8A2E58}.Release|Any CPU.ActiveCfg = Release|Any CPU
		{9ED0EFD7-CE2D-4C73-8F45-E7FFFB8A2E58}.Release|Any CPU.Build.0 = Release|Any CPU
	EndGlobalSection
	GlobalSection(NestedProjects) = preSolution
		{362BC7A1-3227-44E1-BE55-E948E399F2F3} = {6038BD53-830D-4899-8481-FA1BE56B1E91}
		{FC34B6BD-6CE3-4B20-B58B-634DB79B09C3} = {362BC7A1-3227-44E1-BE55-E948E399F2F3}
		{4B816C16-830A-47D4-8E36-9CECE8AEB299} = {6038BD53-830D-4899-8481-FA1BE56B1E91}
		{9ED0EFD7-CE2D-4C73-8F45-E7FFFB8A2E58} = {4B816C16-830A-47D4-8E36-9CECE8AEB299}
	EndGlobalSection
EndGlobal
