
Microsoft Visual Studio Solution File, Format Version 12.00
# Visual Studio Version 17
VisualStudioVersion = 17.0.31903.59
MinimumVisualStudioVersion = 10.0.40219.1
Project("{2150E333-8FDC-42A3-9474-1A3956D46DE8}") = "lib", "lib", "{52AE0868-6A38-454C-87FA-C1EC6B074F72}"
EndProject
Project("{FAE04EC0-301F-11D3-BF4B-00C04F79EFBC}") = "Extensions.Serilog", "lib\Extensions.Serilog\Extensions.Serilog.csproj", "{E15744C7-5E12-409C-A0B9-C9F792CDF1D7}"
EndProject
Project("{2150E333-8FDC-42A3-9474-1A3956D46DE8}") = "src", "src", "{4D03C75C-8776-4A8A-B4A3-E6AF333CB2F3}"
EndProject
Project("{FAE04EC0-301F-11D3-BF4B-00C04F79EFBC}") = "Server.Host", "src\Server.Host\Server.Host.csproj", "{FB51FF08-52F6-4BD9-B22D-41DD27E6C24C}"
EndProject
Project("{2150E333-8FDC-42A3-9474-1A3956D46DE8}") = "tests", "tests", "{BD4D31BD-1F0A-445E-A3C2-C3314EA83557}"
EndProject
Project("{FAE04EC0-301F-11D3-BF4B-00C04F79EFBC}") = "Server.Host.TestClient", "tests\Server.Host.TestClient\Server.Host.TestClient.csproj", "{1A0F6CFB-9772-4E0F-9601-1E65ED89DCA8}"
EndProject
Project("{FAE04EC0-301F-11D3-BF4B-00C04F79EFBC}") = "Server.Host.Tests", "tests\Server.Host.Tests\Server.Host.Tests.csproj", "{606BE098-AC10-433B-8D43-52C8771407A2}"
EndProject
Project("{FAE04EC0-301F-11D3-BF4B-00C04F79EFBC}") = "Server.Views", "src\Server.Views\Server.Views.csproj", "{E756F2A3-8A5A-4CAF-A8AD-E7313479927B}"
EndProject
Global
	GlobalSection(SolutionConfigurationPlatforms) = preSolution
		Debug|Any CPU = Debug|Any CPU
		Release|Any CPU = Release|Any CPU
	EndGlobalSection
	GlobalSection(SolutionProperties) = preSolution
		HideSolutionNode = FALSE
	EndGlobalSection
	GlobalSection(ProjectConfigurationPlatforms) = postSolution
		{E15744C7-5E12-409C-A0B9-C9F792CDF1D7}.Debug|Any CPU.ActiveCfg = Debug|Any CPU
		{E15744C7-5E12-409C-A0B9-C9F792CDF1D7}.Debug|Any CPU.Build.0 = Debug|Any CPU
		{E15744C7-5E12-409C-A0B9-C9F792CDF1D7}.Release|Any CPU.ActiveCfg = Release|Any CPU
		{E15744C7-5E12-409C-A0B9-C9F792CDF1D7}.Release|Any CPU.Build.0 = Release|Any CPU
		{FB51FF08-52F6-4BD9-B22D-41DD27E6C24C}.Debug|Any CPU.ActiveCfg = Debug|Any CPU
		{FB51FF08-52F6-4BD9-B22D-41DD27E6C24C}.Debug|Any CPU.Build.0 = Debug|Any CPU
		{FB51FF08-52F6-4BD9-B22D-41DD27E6C24C}.Release|Any CPU.ActiveCfg = Release|Any CPU
		{FB51FF08-52F6-4BD9-B22D-41DD27E6C24C}.Release|Any CPU.Build.0 = Release|Any CPU
		{1A0F6CFB-9772-4E0F-9601-1E65ED89DCA8}.Debug|Any CPU.ActiveCfg = Debug|Any CPU
		{1A0F6CFB-9772-4E0F-9601-1E65ED89DCA8}.Debug|Any CPU.Build.0 = Debug|Any CPU
		{1A0F6CFB-9772-4E0F-9601-1E65ED89DCA8}.Release|Any CPU.ActiveCfg = Release|Any CPU
		{1A0F6CFB-9772-4E0F-9601-1E65ED89DCA8}.Release|Any CPU.Build.0 = Release|Any CPU
		{606BE098-AC10-433B-8D43-52C8771407A2}.Debug|Any CPU.ActiveCfg = Debug|Any CPU
		{606BE098-AC10-433B-8D43-52C8771407A2}.Debug|Any CPU.Build.0 = Debug|Any CPU
		{606BE098-AC10-433B-8D43-52C8771407A2}.Release|Any CPU.ActiveCfg = Release|Any CPU
		{606BE098-AC10-433B-8D43-52C8771407A2}.Release|Any CPU.Build.0 = Release|Any CPU
		{E756F2A3-8A5A-4CAF-A8AD-E7313479927B}.Debug|Any CPU.ActiveCfg = Debug|Any CPU
		{E756F2A3-8A5A-4CAF-A8AD-E7313479927B}.Debug|Any CPU.Build.0 = Debug|Any CPU
		{E756F2A3-8A5A-4CAF-A8AD-E7313479927B}.Release|Any CPU.ActiveCfg = Release|Any CPU
		{E756F2A3-8A5A-4CAF-A8AD-E7313479927B}.Release|Any CPU.Build.0 = Release|Any CPU
	EndGlobalSection
	GlobalSection(NestedProjects) = preSolution
		{E15744C7-5E12-409C-A0B9-C9F792CDF1D7} = {52AE0868-6A38-454C-87FA-C1EC6B074F72}
		{FB51FF08-52F6-4BD9-B22D-41DD27E6C24C} = {4D03C75C-8776-4A8A-B4A3-E6AF333CB2F3}
		{1A0F6CFB-9772-4E0F-9601-1E65ED89DCA8} = {BD4D31BD-1F0A-445E-A3C2-C3314EA83557}
		{606BE098-AC10-433B-8D43-52C8771407A2} = {BD4D31BD-1F0A-445E-A3C2-C3314EA83557}
		{E756F2A3-8A5A-4CAF-A8AD-E7313479927B} = {4D03C75C-8776-4A8A-B4A3-E6AF333CB2F3}
	EndGlobalSection
EndGlobal
