
Microsoft Visual Studio Solution File, Format Version 12.00
# Visual Studio Version 17
VisualStudioVersion = 17.0.31903.59
MinimumVisualStudioVersion = 10.0.40219.1
Project("{2150E333-8FDC-42A3-9474-1A3956D46DE8}") = "lib", "lib", "{E9DE8A56-DCB0-4111-9D13-0CA42534D3DA}"
EndProject
Project("{FAE04EC0-301F-11D3-BF4B-00C04F79EFBC}") = "Extensions.Serilog", "lib\Extensions.Serilog\Extensions.Serilog.csproj", "{082C42C7-66F0-4525-BDFE-26DB5965FE79}"
EndProject
Project("{2150E333-8FDC-42A3-9474-1A3956D46DE8}") = "src", "src", "{4467AD55-34AF-42C1-9432-40B61C8A9898}"
EndProject
Project("{FAE04EC0-301F-11D3-BF4B-00C04F79EFBC}") = "Server.Host", "src\Server.Host\Server.Host.csproj", "{4BA84350-A741-41AC-A922-FD20E778362F}"
EndProject
Project("{2150E333-8FDC-42A3-9474-1A3956D46DE8}") = "tests", "tests", "{B1A5E199-B866-4CD3-80F2-4499328EEA4E}"
EndProject
Project("{FAE04EC0-301F-11D3-BF4B-00C04F79EFBC}") = "Server.Host.Tests", "tests\Server.Host.Tests\Server.Host.Tests.csproj", "{83C81058-3695-4826-8F1D-690F308D3103}"
EndProject
Project("{FAE04EC0-301F-11D3-BF4B-00C04F79EFBC}") = "Server.Views", "src\Server.Views\Server.Views.csproj", "{3CFD4B6A-77F2-45DD-9003-079A1DB539ED}"
EndProject
Global
	GlobalSection(SolutionConfigurationPlatforms) = preSolution
		Debug|Any CPU = Debug|Any CPU
		Release|Any CPU = Release|Any CPU
	EndGlobalSection
	GlobalSection(SolutionProperties) = preSolution
		HideSolutionNode = FALSE
	EndGlobalSection
	GlobalSection(ProjectConfigurationPlatforms) = postSolution
		{082C42C7-66F0-4525-BDFE-26DB5965FE79}.Debug|Any CPU.ActiveCfg = Debug|Any CPU
		{082C42C7-66F0-4525-BDFE-26DB5965FE79}.Debug|Any CPU.Build.0 = Debug|Any CPU
		{082C42C7-66F0-4525-BDFE-26DB5965FE79}.Release|Any CPU.ActiveCfg = Release|Any CPU
		{082C42C7-66F0-4525-BDFE-26DB5965FE79}.Release|Any CPU.Build.0 = Release|Any CPU
		{4BA84350-A741-41AC-A922-FD20E778362F}.Debug|Any CPU.ActiveCfg = Debug|Any CPU
		{4BA84350-A741-41AC-A922-FD20E778362F}.Debug|Any CPU.Build.0 = Debug|Any CPU
		{4BA84350-A741-41AC-A922-FD20E778362F}.Release|Any CPU.ActiveCfg = Release|Any CPU
		{4BA84350-A741-41AC-A922-FD20E778362F}.Release|Any CPU.Build.0 = Release|Any CPU
		{83C81058-3695-4826-8F1D-690F308D3103}.Debug|Any CPU.ActiveCfg = Debug|Any CPU
		{83C81058-3695-4826-8F1D-690F308D3103}.Debug|Any CPU.Build.0 = Debug|Any CPU
		{83C81058-3695-4826-8F1D-690F308D3103}.Release|Any CPU.ActiveCfg = Release|Any CPU
		{83C81058-3695-4826-8F1D-690F308D3103}.Release|Any CPU.Build.0 = Release|Any CPU
		{3CFD4B6A-77F2-45DD-9003-079A1DB539ED}.Debug|Any CPU.ActiveCfg = Debug|Any CPU
		{3CFD4B6A-77F2-45DD-9003-079A1DB539ED}.Debug|Any CPU.Build.0 = Debug|Any CPU
		{3CFD4B6A-77F2-45DD-9003-079A1DB539ED}.Release|Any CPU.ActiveCfg = Release|Any CPU
		{3CFD4B6A-77F2-45DD-9003-079A1DB539ED}.Release|Any CPU.Build.0 = Release|Any CPU
	EndGlobalSection
	GlobalSection(NestedProjects) = preSolution
		{082C42C7-66F0-4525-BDFE-26DB5965FE79} = {E9DE8A56-DCB0-4111-9D13-0CA42534D3DA}
		{4BA84350-A741-41AC-A922-FD20E778362F} = {4467AD55-34AF-42C1-9432-40B61C8A9898}
		{83C81058-3695-4826-8F1D-690F308D3103} = {B1A5E199-B866-4CD3-80F2-4499328EEA4E}
		{3CFD4B6A-77F2-45DD-9003-079A1DB539ED} = {4467AD55-34AF-42C1-9432-40B61C8A9898}
	EndGlobalSection
EndGlobal
