
Microsoft Visual Studio Solution File, Format Version 12.00
# Visual Studio Version 17
VisualStudioVersion = 17.0.31903.59
MinimumVisualStudioVersion = 10.0.40219.1
Project("{2150E333-8FDC-42A3-9474-1A3956D46DE8}") = "lib", "lib", "{1B5330B9-3650-49F7-9F7B-8AB212C5DF1F}"
EndProject
Project("{FAE04EC0-301F-11D3-BF4B-00C04F79EFBC}") = "Extensions.Data", "lib\Extensions.Data\Extensions.Data.csproj", "{65D689AF-6886-48A1-B8BB-33EFED295297}"
EndProject
Project("{FAE04EC0-301F-11D3-BF4B-00C04F79EFBC}") = "Extensions.Serilog", "lib\Extensions.Serilog\Extensions.Serilog.csproj", "{B3EBE51B-634F-4C64-B0FA-CE47647BE8A2}"
EndProject
Project("{2150E333-8FDC-42A3-9474-1A3956D46DE8}") = "src", "src", "{570B6B8F-2C75-4633-88DB-B4C319484E7C}"
EndProject
Project("{FAE04EC0-301F-11D3-BF4B-00C04F79EFBC}") = "Server.Application", "src\Server.Application\Server.Application.csproj", "{E4EA5B61-0602-415B-B176-E9D6B88653D7}"
EndProject
Project("{FAE04EC0-301F-11D3-BF4B-00C04F79EFBC}") = "Server.Db", "src\Server.Db\Server.Db.csproj", "{78AB1E40-98DA-4587-8DE0-66497123187A}"
EndProject
Project("{FAE04EC0-301F-11D3-BF4B-00C04F79EFBC}") = "Server.Domain", "src\Server.Domain\Server.Domain.csproj", "{FE8DD283-05F1-410B-B2FB-F8E28ABAA6FF}"
EndProject
Project("{FAE04EC0-301F-11D3-BF4B-00C04F79EFBC}") = "Server.Host", "src\Server.Host\Server.Host.csproj", "{F4CC45E8-9DDB-490B-B4A7-5EF1CB36D37A}"
EndProject
Project("{2150E333-8FDC-42A3-9474-1A3956D46DE8}") = "tests", "tests", "{AEAA25A9-E575-4CB3-9820-BF79BA547087}"
EndProject
Project("{FAE04EC0-301F-11D3-BF4B-00C04F79EFBC}") = "Server.Host.TestClient", "tests\Server.Host.TestClient\Server.Host.TestClient.csproj", "{00BFFD10-59B4-4889-BCA2-7FAE2562CD18}"
EndProject
Project("{FAE04EC0-301F-11D3-BF4B-00C04F79EFBC}") = "Server.Host.Tests", "tests\Server.Host.Tests\Server.Host.Tests.csproj", "{33507C56-F7E1-4E32-A43D-9DDD167882A7}"
EndProject
Project("{FAE04EC0-301F-11D3-BF4B-00C04F79EFBC}") = "Server.Views", "src\Server.Views\Server.Views.csproj", "{D29DBF35-7DB4-48F5-87A9-329B0F4BF20B}"
EndProject
Global
	GlobalSection(SolutionConfigurationPlatforms) = preSolution
		Debug|Any CPU = Debug|Any CPU
		Release|Any CPU = Release|Any CPU
	EndGlobalSection
	GlobalSection(SolutionProperties) = preSolution
		HideSolutionNode = FALSE
	EndGlobalSection
	GlobalSection(ProjectConfigurationPlatforms) = postSolution
		{65D689AF-6886-48A1-B8BB-33EFED295297}.Debug|Any CPU.ActiveCfg = Debug|Any CPU
		{65D689AF-6886-48A1-B8BB-33EFED295297}.Debug|Any CPU.Build.0 = Debug|Any CPU
		{65D689AF-6886-48A1-B8BB-33EFED295297}.Release|Any CPU.ActiveCfg = Release|Any CPU
		{65D689AF-6886-48A1-B8BB-33EFED295297}.Release|Any CPU.Build.0 = Release|Any CPU
		{B3EBE51B-634F-4C64-B0FA-CE47647BE8A2}.Debug|Any CPU.ActiveCfg = Debug|Any CPU
		{B3EBE51B-634F-4C64-B0FA-CE47647BE8A2}.Debug|Any CPU.Build.0 = Debug|Any CPU
		{B3EBE51B-634F-4C64-B0FA-CE47647BE8A2}.Release|Any CPU.ActiveCfg = Release|Any CPU
		{B3EBE51B-634F-4C64-B0FA-CE47647BE8A2}.Release|Any CPU.Build.0 = Release|Any CPU
		{E4EA5B61-0602-415B-B176-E9D6B88653D7}.Debug|Any CPU.ActiveCfg = Debug|Any CPU
		{E4EA5B61-0602-415B-B176-E9D6B88653D7}.Debug|Any CPU.Build.0 = Debug|Any CPU
		{E4EA5B61-0602-415B-B176-E9D6B88653D7}.Release|Any CPU.ActiveCfg = Release|Any CPU
		{E4EA5B61-0602-415B-B176-E9D6B88653D7}.Release|Any CPU.Build.0 = Release|Any CPU
		{78AB1E40-98DA-4587-8DE0-66497123187A}.Debug|Any CPU.ActiveCfg = Debug|Any CPU
		{78AB1E40-98DA-4587-8DE0-66497123187A}.Debug|Any CPU.Build.0 = Debug|Any CPU
		{78AB1E40-98DA-4587-8DE0-66497123187A}.Release|Any CPU.ActiveCfg = Release|Any CPU
		{78AB1E40-98DA-4587-8DE0-66497123187A}.Release|Any CPU.Build.0 = Release|Any CPU
		{FE8DD283-05F1-410B-B2FB-F8E28ABAA6FF}.Debug|Any CPU.ActiveCfg = Debug|Any CPU
		{FE8DD283-05F1-410B-B2FB-F8E28ABAA6FF}.Debug|Any CPU.Build.0 = Debug|Any CPU
		{FE8DD283-05F1-410B-B2FB-F8E28ABAA6FF}.Release|Any CPU.ActiveCfg = Release|Any CPU
		{FE8DD283-05F1-410B-B2FB-F8E28ABAA6FF}.Release|Any CPU.Build.0 = Release|Any CPU
		{F4CC45E8-9DDB-490B-B4A7-5EF1CB36D37A}.Debug|Any CPU.ActiveCfg = Debug|Any CPU
		{F4CC45E8-9DDB-490B-B4A7-5EF1CB36D37A}.Debug|Any CPU.Build.0 = Debug|Any CPU
		{F4CC45E8-9DDB-490B-B4A7-5EF1CB36D37A}.Release|Any CPU.ActiveCfg = Release|Any CPU
		{F4CC45E8-9DDB-490B-B4A7-5EF1CB36D37A}.Release|Any CPU.Build.0 = Release|Any CPU
		{00BFFD10-59B4-4889-BCA2-7FAE2562CD18}.Debug|Any CPU.ActiveCfg = Debug|Any CPU
		{00BFFD10-59B4-4889-BCA2-7FAE2562CD18}.Debug|Any CPU.Build.0 = Debug|Any CPU
		{00BFFD10-59B4-4889-BCA2-7FAE2562CD18}.Release|Any CPU.ActiveCfg = Release|Any CPU
		{00BFFD10-59B4-4889-BCA2-7FAE2562CD18}.Release|Any CPU.Build.0 = Release|Any CPU
		{33507C56-F7E1-4E32-A43D-9DDD167882A7}.Debug|Any CPU.ActiveCfg = Debug|Any CPU
		{33507C56-F7E1-4E32-A43D-9DDD167882A7}.Debug|Any CPU.Build.0 = Debug|Any CPU
		{33507C56-F7E1-4E32-A43D-9DDD167882A7}.Release|Any CPU.ActiveCfg = Release|Any CPU
		{33507C56-F7E1-4E32-A43D-9DDD167882A7}.Release|Any CPU.Build.0 = Release|Any CPU
		{D29DBF35-7DB4-48F5-87A9-329B0F4BF20B}.Debug|Any CPU.ActiveCfg = Debug|Any CPU
		{D29DBF35-7DB4-48F5-87A9-329B0F4BF20B}.Debug|Any CPU.Build.0 = Debug|Any CPU
		{D29DBF35-7DB4-48F5-87A9-329B0F4BF20B}.Release|Any CPU.ActiveCfg = Release|Any CPU
		{D29DBF35-7DB4-48F5-87A9-329B0F4BF20B}.Release|Any CPU.Build.0 = Release|Any CPU
	EndGlobalSection
	GlobalSection(NestedProjects) = preSolution
		{65D689AF-6886-48A1-B8BB-33EFED295297} = {1B5330B9-3650-49F7-9F7B-8AB212C5DF1F}
		{B3EBE51B-634F-4C64-B0FA-CE47647BE8A2} = {1B5330B9-3650-49F7-9F7B-8AB212C5DF1F}
		{E4EA5B61-0602-415B-B176-E9D6B88653D7} = {570B6B8F-2C75-4633-88DB-B4C319484E7C}
		{78AB1E40-98DA-4587-8DE0-66497123187A} = {570B6B8F-2C75-4633-88DB-B4C319484E7C}
		{FE8DD283-05F1-410B-B2FB-F8E28ABAA6FF} = {570B6B8F-2C75-4633-88DB-B4C319484E7C}
		{F4CC45E8-9DDB-490B-B4A7-5EF1CB36D37A} = {570B6B8F-2C75-4633-88DB-B4C319484E7C}
		{00BFFD10-59B4-4889-BCA2-7FAE2562CD18} = {AEAA25A9-E575-4CB3-9820-BF79BA547087}
		{33507C56-F7E1-4E32-A43D-9DDD167882A7} = {AEAA25A9-E575-4CB3-9820-BF79BA547087}
		{D29DBF35-7DB4-48F5-87A9-329B0F4BF20B} = {570B6B8F-2C75-4633-88DB-B4C319484E7C}
	EndGlobalSection
EndGlobal
